
Microsoft Visual Studio Solution File, Format Version 12.00
# Visual Studio Version 17
VisualStudioVersion = 17.2.32630.192
MinimumVisualStudioVersion = 10.0.40219.1
Project("{FAE04EC0-301F-11D3-BF4B-00C04F79EFBC}") = "MyTextTranslator.Api", "MyTextTranslator.Api\MyTextTranslator.Api.csproj", "{AB2C646D-753D-4264-9DC3-47BE64232034}"
EndProject
Global
	GlobalSection(SolutionConfigurationPlatforms) = preSolution
		Debug|Any CPU = Debug|Any CPU
		Release|Any CPU = Release|Any CPU
	EndGlobalSection
	GlobalSection(ProjectConfigurationPlatforms) = postSolution
		{AB2C646D-753D-4264-9DC3-47BE64232034}.Debug|Any CPU.ActiveCfg = Debug|Any CPU
		{AB2C646D-753D-4264-9DC3-47BE64232034}.Debug|Any CPU.Build.0 = Debug|Any CPU
		{AB2C646D-753D-4264-9DC3-47BE64232034}.Release|Any CPU.ActiveCfg = Release|Any CPU
		{AB2C646D-753D-4264-9DC3-47BE64232034}.Release|Any CPU.Build.0 = Release|Any CPU
	EndGlobalSection
	GlobalSection(SolutionProperties) = preSolution
		HideSolutionNode = FALSE
	EndGlobalSection
	GlobalSection(ExtensibilityGlobals) = postSolution
		SolutionGuid = {D8755243-72B1-4394-9C92-C8C4E8118855}
	EndGlobalSection
EndGlobal
