
Microsoft Visual Studio Solution File, Format Version 12.00
# Visual Studio Version 17
VisualStudioVersion = 17.0.32112.339
MinimumVisualStudioVersion = 10.0.40219.1
Project("{FAE04EC0-301F-11D3-BF4B-00C04F79EFBC}") = "Speech2Text", "Speech2Text\Speech2Text.csproj", "{8311AAD8-AC64-42E3-8AC2-F1ADDF9AC35C}"
EndProject
Global
	GlobalSection(SolutionConfigurationPlatforms) = preSolution
		Debug|Any CPU = Debug|Any CPU
		Release|Any CPU = Release|Any CPU
	EndGlobalSection
	GlobalSection(ProjectConfigurationPlatforms) = postSolution
		{8311AAD8-AC64-42E3-8AC2-F1ADDF9AC35C}.Debug|Any CPU.ActiveCfg = Debug|Any CPU
		{8311AAD8-AC64-42E3-8AC2-F1ADDF9AC35C}.Debug|Any CPU.Build.0 = Debug|Any CPU
		{8311AAD8-AC64-42E3-8AC2-F1ADDF9AC35C}.Release|Any CPU.ActiveCfg = Release|Any CPU
		{8311AAD8-AC64-42E3-8AC2-F1ADDF9AC35C}.Release|Any CPU.Build.0 = Release|Any CPU
	EndGlobalSection
	GlobalSection(SolutionProperties) = preSolution
		HideSolutionNode = FALSE
	EndGlobalSection
	GlobalSection(ExtensibilityGlobals) = postSolution
		SolutionGuid = {60260EC2-A918-44E6-950C-89A1ED80026D}
	EndGlobalSection
EndGlobal
