
Microsoft Visual Studio Solution File, Format Version 12.00
# Visual Studio Version 17
VisualStudioVersion = 17.2.32630.192
MinimumVisualStudioVersion = 10.0.40219.1
Project("{FAE04EC0-301F-11D3-BF4B-00C04F79EFBC}") = "DentalAppointments", "DentalAppointments\DentalAppointments.csproj", "{00542336-05B3-4DCE-B04C-CEDB602D9867}"
EndProject
Global
	GlobalSection(SolutionConfigurationPlatforms) = preSolution
		Debug|Any CPU = Debug|Any CPU
		Release|Any CPU = Release|Any CPU
	EndGlobalSection
	GlobalSection(ProjectConfigurationPlatforms) = postSolution
		{00542336-05B3-4DCE-B04C-CEDB602D9867}.Debug|Any CPU.ActiveCfg = Debug|Any CPU
		{00542336-05B3-4DCE-B04C-CEDB602D9867}.Debug|Any CPU.Build.0 = Debug|Any CPU
		{00542336-05B3-4DCE-B04C-CEDB602D9867}.Release|Any CPU.ActiveCfg = Release|Any CPU
		{00542336-05B3-4DCE-B04C-CEDB602D9867}.Release|Any CPU.Build.0 = Release|Any CPU
	EndGlobalSection
	GlobalSection(SolutionProperties) = preSolution
		HideSolutionNode = FALSE
	EndGlobalSection
	GlobalSection(ExtensibilityGlobals) = postSolution
		SolutionGuid = {1EE9BF81-F008-4AE9-A61D-3BC010C8EDC3}
	EndGlobalSection
EndGlobal
