
Microsoft Visual Studio Solution File, Format Version 12.00
# Visual Studio Version 17
VisualStudioVersion = 17.0.32112.339
MinimumVisualStudioVersion = 10.0.40219.1
Project("{9A19103F-16F7-4668-BE54-9A1E7A4F7556}") = "MathAPI", "MathAPI\MathAPI.csproj", "{9ECEA3C5-1AF0-450C-928A-1528F1E29E50}"
EndProject
Project("{9A19103F-16F7-4668-BE54-9A1E7A4F7556}") = "AddAPI", "AddAPI\AddAPI.csproj", "{C1EC0C4C-6147-41CD-9979-184F7748C732}"
EndProject
Project("{9A19103F-16F7-4668-BE54-9A1E7A4F7556}") = "SubtractAPI", "SubtractAPI\SubtractAPI.csproj", "{7F905F74-BC5D-4FBC-A39D-BEE86AFC38B0}"
EndProject
Global
	GlobalSection(SolutionConfigurationPlatforms) = preSolution
		Debug|Any CPU = Debug|Any CPU
		Release|Any CPU = Release|Any CPU
	EndGlobalSection
	GlobalSection(ProjectConfigurationPlatforms) = postSolution
		{9ECEA3C5-1AF0-450C-928A-1528F1E29E50}.Debug|Any CPU.ActiveCfg = Debug|Any CPU
		{9ECEA3C5-1AF0-450C-928A-1528F1E29E50}.Debug|Any CPU.Build.0 = Debug|Any CPU
		{9ECEA3C5-1AF0-450C-928A-1528F1E29E50}.Release|Any CPU.ActiveCfg = Release|Any CPU
		{9ECEA3C5-1AF0-450C-928A-1528F1E29E50}.Release|Any CPU.Build.0 = Release|Any CPU
		{C1EC0C4C-6147-41CD-9979-184F7748C732}.Debug|Any CPU.ActiveCfg = Debug|Any CPU
		{C1EC0C4C-6147-41CD-9979-184F7748C732}.Debug|Any CPU.Build.0 = Debug|Any CPU
		{C1EC0C4C-6147-41CD-9979-184F7748C732}.Release|Any CPU.ActiveCfg = Release|Any CPU
		{C1EC0C4C-6147-41CD-9979-184F7748C732}.Release|Any CPU.Build.0 = Release|Any CPU
		{7F905F74-BC5D-4FBC-A39D-BEE86AFC38B0}.Debug|Any CPU.ActiveCfg = Debug|Any CPU
		{7F905F74-BC5D-4FBC-A39D-BEE86AFC38B0}.Debug|Any CPU.Build.0 = Debug|Any CPU
		{7F905F74-BC5D-4FBC-A39D-BEE86AFC38B0}.Release|Any CPU.ActiveCfg = Release|Any CPU
		{7F905F74-BC5D-4FBC-A39D-BEE86AFC38B0}.Release|Any CPU.Build.0 = Release|Any CPU
	EndGlobalSection
	GlobalSection(SolutionProperties) = preSolution
		HideSolutionNode = FALSE
	EndGlobalSection
	GlobalSection(ExtensibilityGlobals) = postSolution
		SolutionGuid = {D92B67EC-1171-45AD-8776-8BFCDC2F87FF}
	EndGlobalSection
EndGlobal
